
Microsoft Visual Studio Solution File, Format Version 12.00
# Visual Studio Version 17
VisualStudioVersion = 17.4.33213.308
MinimumVisualStudioVersion = 10.0.40219.1
Project("{9A19103F-16F7-4668-BE54-9A1E7A4F7556}") = "Nexus.Api.Domain", "Nexus.Api.Domain\Nexus.Api.Domain.csproj", "{3B12AAC6-7379-4579-A5C9-B637EDC4D167}"
EndProject
Project("{9A19103F-16F7-4668-BE54-9A1E7A4F7556}") = "Nexus.Api.Service", "Nexus.Api.Service\Nexus.Api.Service.csproj", "{567E2C3D-1BDD-4A5F-8ECE-2FFE43C242D0}"
EndProject
Project("{9A19103F-16F7-4668-BE54-9A1E7A4F7556}") = "Nexus.Api.Infrastructure", "Nexus.Api.Infrastructure\Nexus.Api.Infrastructure.csproj", "{21BF57EA-3CC9-4060-BFCF-BAD88047573E}"
EndProject
Project("{FAE04EC0-301F-11D3-BF4B-00C04F79EFBC}") = "Nexus.Api", "Nexus.Api\Nexus.Api.csproj", "{D022F2A1-4B81-4656-AB4B-601D7E8D5661}"
EndProject
Global
	GlobalSection(SolutionConfigurationPlatforms) = preSolution
		Debug|Any CPU = Debug|Any CPU
		Release|Any CPU = Release|Any CPU
	EndGlobalSection
	GlobalSection(ProjectConfigurationPlatforms) = postSolution
		{3B12AAC6-7379-4579-A5C9-B637EDC4D167}.Debug|Any CPU.ActiveCfg = Debug|Any CPU
		{3B12AAC6-7379-4579-A5C9-B637EDC4D167}.Debug|Any CPU.Build.0 = Debug|Any CPU
		{3B12AAC6-7379-4579-A5C9-B637EDC4D167}.Release|Any CPU.ActiveCfg = Release|Any CPU
		{3B12AAC6-7379-4579-A5C9-B637EDC4D167}.Release|Any CPU.Build.0 = Release|Any CPU
		{567E2C3D-1BDD-4A5F-8ECE-2FFE43C242D0}.Debug|Any CPU.ActiveCfg = Debug|Any CPU
		{567E2C3D-1BDD-4A5F-8ECE-2FFE43C242D0}.Debug|Any CPU.Build.0 = Debug|Any CPU
		{567E2C3D-1BDD-4A5F-8ECE-2FFE43C242D0}.Release|Any CPU.ActiveCfg = Release|Any CPU
		{567E2C3D-1BDD-4A5F-8ECE-2FFE43C242D0}.Release|Any CPU.Build.0 = Release|Any CPU
		{21BF57EA-3CC9-4060-BFCF-BAD88047573E}.Debug|Any CPU.ActiveCfg = Debug|Any CPU
		{21BF57EA-3CC9-4060-BFCF-BAD88047573E}.Debug|Any CPU.Build.0 = Debug|Any CPU
		{21BF57EA-3CC9-4060-BFCF-BAD88047573E}.Release|Any CPU.ActiveCfg = Release|Any CPU
		{21BF57EA-3CC9-4060-BFCF-BAD88047573E}.Release|Any CPU.Build.0 = Release|Any CPU
		{D022F2A1-4B81-4656-AB4B-601D7E8D5661}.Debug|Any CPU.ActiveCfg = Debug|Any CPU
		{D022F2A1-4B81-4656-AB4B-601D7E8D5661}.Debug|Any CPU.Build.0 = Debug|Any CPU
		{D022F2A1-4B81-4656-AB4B-601D7E8D5661}.Release|Any CPU.ActiveCfg = Release|Any CPU
		{D022F2A1-4B81-4656-AB4B-601D7E8D5661}.Release|Any CPU.Build.0 = Release|Any CPU
	EndGlobalSection
	GlobalSection(SolutionProperties) = preSolution
		HideSolutionNode = FALSE
	EndGlobalSection
	GlobalSection(ExtensibilityGlobals) = postSolution
		SolutionGuid = {CC688CF8-455B-4170-BBAA-45ABB40F9961}
	EndGlobalSection
EndGlobal
